// !$*UTF8*$!
{
	archiveVersion = 1;
	classes = {
	};
	objectVersion = 56;
	objects = {

/* Begin PBXBuildFile section */
		D4DDD051B29826D20302E0B2 /* Pods_Quiz.framework in Frameworks */ = {isa = PBXBuildFile; fileRef = 28E731E00A3E2BBB1840073C /* Pods_Quiz.framework */; };
		FA62A84B2B0E009000796764 /* User.swift in Sources */ = {isa = PBXBuildFile; fileRef = FA62A84A2B0E009000796764 /* User.swift */; };
		FA62A84D2B0E01CC00796764 /* Quiz.swift in Sources */ = {isa = PBXBuildFile; fileRef = FA62A84C2B0E01CC00796764 /* Quiz.swift */; };
		FA62A84F2B0E15CF00796764 /* GoogleService-Info.plist in Resources */ = {isa = PBXBuildFile; fileRef = FA62A84E2B0E15CF00796764 /* GoogleService-Info.plist */; };
		FA62A8512B0E170700796764 /* AuthService.swift in Sources */ = {isa = PBXBuildFile; fileRef = FA62A8502B0E170700796764 /* AuthService.swift */; };
		FA62A8552B0E1D0E00796764 /* NetworkDataFetcher.swift in Sources */ = {isa = PBXBuildFile; fileRef = FA62A8542B0E1D0E00796764 /* NetworkDataFetcher.swift */; };
		FA62A8572B0E23C100796764 /* FirestoreDataFetcher.swift in Sources */ = {isa = PBXBuildFile; fileRef = FA62A8562B0E23C100796764 /* FirestoreDataFetcher.swift */; };
		FAD81D622B07E52600E818FA /* AppDelegate.swift in Sources */ = {isa = PBXBuildFile; fileRef = FAD81D612B07E52600E818FA /* AppDelegate.swift */; };
		FAD81D642B07E52600E818FA /* SceneDelegate.swift in Sources */ = {isa = PBXBuildFile; fileRef = FAD81D632B07E52600E818FA /* SceneDelegate.swift */; };
		FAD81D6B2B07E52700E818FA /* Assets.xcassets in Resources */ = {isa = PBXBuildFile; fileRef = FAD81D6A2B07E52700E818FA /* Assets.xcassets */; };
		FAD81D6E2B07E52700E818FA /* LaunchScreen.storyboard in Resources */ = {isa = PBXBuildFile; fileRef = FAD81D6C2B07E52700E818FA /* LaunchScreen.storyboard */; };
		FAD81D772B07E80100E818FA /* AuthViewController.swift in Sources */ = {isa = PBXBuildFile; fileRef = FAD81D762B07E80100E818FA /* AuthViewController.swift */; };
		FAF6BECE2B091BF1001F2AAC /* QuizzesViewController.swift in Sources */ = {isa = PBXBuildFile; fileRef = FAF6BECD2B091BF1001F2AAC /* QuizzesViewController.swift */; };
/* End PBXBuildFile section */

/* Begin PBXFileReference section */
		28E731E00A3E2BBB1840073C /* Pods_Quiz.framework */ = {isa = PBXFileReference; explicitFileType = wrapper.framework; includeInIndex = 0; path = Pods_Quiz.framework; sourceTree = BUILT_PRODUCTS_DIR; };
		A8C74A7FEA848D46C1B6F4BD /* Pods-Quiz.debug.xcconfig */ = {isa = PBXFileReference; includeInIndex = 1; lastKnownFileType = text.xcconfig; name = "Pods-Quiz.debug.xcconfig"; path = "Target Support Files/Pods-Quiz/Pods-Quiz.debug.xcconfig"; sourceTree = "<group>"; };
		C3C5E4173D37F2209BDD2841 /* Pods-Quiz.release.xcconfig */ = {isa = PBXFileReference; includeInIndex = 1; lastKnownFileType = text.xcconfig; name = "Pods-Quiz.release.xcconfig"; path = "Target Support Files/Pods-Quiz/Pods-Quiz.release.xcconfig"; sourceTree = "<group>"; };
		FA62A84A2B0E009000796764 /* User.swift */ = {isa = PBXFileReference; lastKnownFileType = sourcecode.swift; path = User.swift; sourceTree = "<group>"; };
		FA62A84C2B0E01CC00796764 /* Quiz.swift */ = {isa = PBXFileReference; lastKnownFileType = sourcecode.swift; path = Quiz.swift; sourceTree = "<group>"; };
		FA62A84E2B0E15CF00796764 /* GoogleService-Info.plist */ = {isa = PBXFileReference; fileEncoding = 4; lastKnownFileType = text.plist.xml; path = "GoogleService-Info.plist"; sourceTree = "<group>"; };
		FA62A8502B0E170700796764 /* AuthService.swift */ = {isa = PBXFileReference; lastKnownFileType = sourcecode.swift; path = AuthService.swift; sourceTree = "<group>"; };
		FA62A8542B0E1D0E00796764 /* NetworkDataFetcher.swift */ = {isa = PBXFileReference; lastKnownFileType = sourcecode.swift; path = NetworkDataFetcher.swift; sourceTree = "<group>"; };
		FA62A8562B0E23C100796764 /* FirestoreDataFetcher.swift */ = {isa = PBXFileReference; lastKnownFileType = sourcecode.swift; path = FirestoreDataFetcher.swift; sourceTree = "<group>"; };
		FAD81D5E2B07E52600E818FA /* Quiz.app */ = {isa = PBXFileReference; explicitFileType = wrapper.application; includeInIndex = 0; path = Quiz.app; sourceTree = BUILT_PRODUCTS_DIR; };
		FAD81D612B07E52600E818FA /* AppDelegate.swift */ = {isa = PBXFileReference; lastKnownFileType = sourcecode.swift; path = AppDelegate.swift; sourceTree = "<group>"; };
		FAD81D632B07E52600E818FA /* SceneDelegate.swift */ = {isa = PBXFileReference; lastKnownFileType = sourcecode.swift; path = SceneDelegate.swift; sourceTree = "<group>"; };
		FAD81D6A2B07E52700E818FA /* Assets.xcassets */ = {isa = PBXFileReference; lastKnownFileType = folder.assetcatalog; path = Assets.xcassets; sourceTree = "<group>"; };
		FAD81D6D2B07E52700E818FA /* Base */ = {isa = PBXFileReference; lastKnownFileType = file.storyboard; name = Base; path = Base.lproj/LaunchScreen.storyboard; sourceTree = "<group>"; };
		FAD81D6F2B07E52700E818FA /* Info.plist */ = {isa = PBXFileReference; lastKnownFileType = text.plist.xml; path = Info.plist; sourceTree = "<group>"; };
		FAD81D762B07E80100E818FA /* AuthViewController.swift */ = {isa = PBXFileReference; lastKnownFileType = sourcecode.swift; path = AuthViewController.swift; sourceTree = "<group>"; };
		FAF6BECD2B091BF1001F2AAC /* QuizzesViewController.swift */ = {isa = PBXFileReference; lastKnownFileType = sourcecode.swift; path = QuizzesViewController.swift; sourceTree = "<group>"; };
/* End PBXFileReference section */

/* Begin PBXFrameworksBuildPhase section */
		FAD81D5B2B07E52600E818FA /* Frameworks */ = {
			isa = PBXFrameworksBuildPhase;
			buildActionMask = 2147483647;
			files = (
				D4DDD051B29826D20302E0B2 /* Pods_Quiz.framework in Frameworks */,
			);
			runOnlyForDeploymentPostprocessing = 0;
		};
/* End PBXFrameworksBuildPhase section */

/* Begin PBXGroup section */
		2F13BAD908127811C2D1E004 /* Frameworks */ = {
			isa = PBXGroup;
			children = (
				28E731E00A3E2BBB1840073C /* Pods_Quiz.framework */,
			);
			name = Frameworks;
			sourceTree = "<group>";
		};
		CCF2030409712B2CE354C768 /* Pods */ = {
			isa = PBXGroup;
			children = (
				A8C74A7FEA848D46C1B6F4BD /* Pods-Quiz.debug.xcconfig */,
				C3C5E4173D37F2209BDD2841 /* Pods-Quiz.release.xcconfig */,
			);
			path = Pods;
			sourceTree = "<group>";
		};
		FA62A8482B0E006C00796764 /* Services */ = {
			isa = PBXGroup;
			children = (
				FA62A8492B0E008000796764 /* Models */,
				FA62A8502B0E170700796764 /* AuthService.swift */,
				FA62A8542B0E1D0E00796764 /* NetworkDataFetcher.swift */,
				FA62A8562B0E23C100796764 /* FirestoreDataFetcher.swift */,
			);
			path = Services;
			sourceTree = "<group>";
		};
		FA62A8492B0E008000796764 /* Models */ = {
			isa = PBXGroup;
			children = (
				FA62A84A2B0E009000796764 /* User.swift */,
				FA62A84C2B0E01CC00796764 /* Quiz.swift */,
			);
			path = Models;
			sourceTree = "<group>";
		};
		FAD81D552B07E52600E818FA = {
			isa = PBXGroup;
			children = (
				FAD81D602B07E52600E818FA /* Quiz */,
				FAD81D5F2B07E52600E818FA /* Products */,
				CCF2030409712B2CE354C768 /* Pods */,
				2F13BAD908127811C2D1E004 /* Frameworks */,
			);
			sourceTree = "<group>";
		};
		FAD81D5F2B07E52600E818FA /* Products */ = {
			isa = PBXGroup;
			children = (
				FAD81D5E2B07E52600E818FA /* Quiz.app */,
			);
			name = Products;
			sourceTree = "<group>";
		};
		FAD81D602B07E52600E818FA /* Quiz */ = {
			isa = PBXGroup;
			children = (
				FA62A8482B0E006C00796764 /* Services */,
				FAF6BECC2B08FC3D001F2AAC /* Quizzes */,
				FAD81D752B07E7DE00E818FA /* Auth */,
				FAD81D612B07E52600E818FA /* AppDelegate.swift */,
				FAD81D632B07E52600E818FA /* SceneDelegate.swift */,
				FAD81D6A2B07E52700E818FA /* Assets.xcassets */,
				FAD81D6C2B07E52700E818FA /* LaunchScreen.storyboard */,
				FAD81D6F2B07E52700E818FA /* Info.plist */,
				FA62A84E2B0E15CF00796764 /* GoogleService-Info.plist */,
			);
			path = Quiz;
			sourceTree = "<group>";
		};
		FAD81D752B07E7DE00E818FA /* Auth */ = {
			isa = PBXGroup;
			children = (
				FAD81D762B07E80100E818FA /* AuthViewController.swift */,
			);
			path = Auth;
			sourceTree = "<group>";
		};
		FAF6BECC2B08FC3D001F2AAC /* Quizzes */ = {
			isa = PBXGroup;
			children = (
				FAF6BECD2B091BF1001F2AAC /* QuizzesViewController.swift */,
			);
			path = Quizzes;
			sourceTree = "<group>";
		};
/* End PBXGroup section */

/* Begin PBXNativeTarget section */
		FAD81D5D2B07E52600E818FA /* Quiz */ = {
			isa = PBXNativeTarget;
			buildConfigurationList = FAD81D722B07E52700E818FA /* Build configuration list for PBXNativeTarget "Quiz" */;
			buildPhases = (
				87E6D1672CE891EEA04C34E2 /* [CP] Check Pods Manifest.lock */,
				FAD81D5A2B07E52600E818FA /* Sources */,
				FAD81D5B2B07E52600E818FA /* Frameworks */,
				FAD81D5C2B07E52600E818FA /* Resources */,
				096E07E13A062167DA0C2BE1 /* [CP] Embed Pods Frameworks */,
			);
			buildRules = (
			);
			dependencies = (
			);
			name = Quiz;
			productName = Quiz;
			productReference = FAD81D5E2B07E52600E818FA /* Quiz.app */;
			productType = "com.apple.product-type.application";
		};
/* End PBXNativeTarget section */

/* Begin PBXProject section */
		FAD81D562B07E52600E818FA /* Project object */ = {
			isa = PBXProject;
			attributes = {
				BuildIndependentTargetsInParallel = 1;
				LastSwiftUpdateCheck = 1420;
				LastUpgradeCheck = 1420;
				TargetAttributes = {
					FAD81D5D2B07E52600E818FA = {
						CreatedOnToolsVersion = 14.2;
					};
				};
			};
			buildConfigurationList = FAD81D592B07E52600E818FA /* Build configuration list for PBXProject "Quiz" */;
			compatibilityVersion = "Xcode 14.0";
			developmentRegion = en;
			hasScannedForEncodings = 0;
			knownRegions = (
				en,
				Base,
			);
			mainGroup = FAD81D552B07E52600E818FA;
			productRefGroup = FAD81D5F2B07E52600E818FA /* Products */;
			projectDirPath = "";
			projectRoot = "";
			targets = (
				FAD81D5D2B07E52600E818FA /* Quiz */,
			);
		};
/* End PBXProject section */

/* Begin PBXResourcesBuildPhase section */
		FAD81D5C2B07E52600E818FA /* Resources */ = {
			isa = PBXResourcesBuildPhase;
			buildActionMask = 2147483647;
			files = (
				FAD81D6E2B07E52700E818FA /* LaunchScreen.storyboard in Resources */,
				FAD81D6B2B07E52700E818FA /* Assets.xcassets in Resources */,
				FA62A84F2B0E15CF00796764 /* GoogleService-Info.plist in Resources */,
			);
			runOnlyForDeploymentPostprocessing = 0;
		};
/* End PBXResourcesBuildPhase section */

/* Begin PBXShellScriptBuildPhase section */
		096E07E13A062167DA0C2BE1 /* [CP] Embed Pods Frameworks */ = {
			isa = PBXShellScriptBuildPhase;
			buildActionMask = 2147483647;
			files = (
			);
			inputFileListPaths = (
				"${PODS_ROOT}/Target Support Files/Pods-Quiz/Pods-Quiz-frameworks-${CONFIGURATION}-input-files.xcfilelist",
			);
			name = "[CP] Embed Pods Frameworks";
			outputFileListPaths = (
				"${PODS_ROOT}/Target Support Files/Pods-Quiz/Pods-Quiz-frameworks-${CONFIGURATION}-output-files.xcfilelist",
			);
			runOnlyForDeploymentPostprocessing = 0;
			shellPath = /bin/sh;
			shellScript = "\"${PODS_ROOT}/Target Support Files/Pods-Quiz/Pods-Quiz-frameworks.sh\"\n";
			showEnvVarsInLog = 0;
		};
		87E6D1672CE891EEA04C34E2 /* [CP] Check Pods Manifest.lock */ = {
			isa = PBXShellScriptBuildPhase;
			buildActionMask = 2147483647;
			files = (
			);
			inputFileListPaths = (
			);
			inputPaths = (
				"${PODS_PODFILE_DIR_PATH}/Podfile.lock",
				"${PODS_ROOT}/Manifest.lock",
			);
			name = "[CP] Check Pods Manifest.lock";
			outputFileListPaths = (
			);
			outputPaths = (
				"$(DERIVED_FILE_DIR)/Pods-Quiz-checkManifestLockResult.txt",
			);
			runOnlyForDeploymentPostprocessing = 0;
			shellPath = /bin/sh;
			shellScript = "diff \"${PODS_PODFILE_DIR_PATH}/Podfile.lock\" \"${PODS_ROOT}/Manifest.lock\" > /dev/null\nif [ $? != 0 ] ; then\n    # print error to STDERR\n    echo \"error: The sandbox is not in sync with the Podfile.lock. Run 'pod install' or update your CocoaPods installation.\" >&2\n    exit 1\nfi\n# This output is used by Xcode 'outputs' to avoid re-running this script phase.\necho \"SUCCESS\" > \"${SCRIPT_OUTPUT_FILE_0}\"\n";
			showEnvVarsInLog = 0;
		};
/* End PBXShellScriptBuildPhase section */

/* Begin PBXSourcesBuildPhase section */
		FAD81D5A2B07E52600E818FA /* Sources */ = {
			isa = PBXSourcesBuildPhase;
			buildActionMask = 2147483647;
			files = (
				FA62A8552B0E1D0E00796764 /* NetworkDataFetcher.swift in Sources */,
				FAF6BECE2B091BF1001F2AAC /* QuizzesViewController.swift in Sources */,
				FAD81D622B07E52600E818FA /* AppDelegate.swift in Sources */,
				FA62A8572B0E23C100796764 /* FirestoreDataFetcher.swift in Sources */,
				FA62A84D2B0E01CC00796764 /* Quiz.swift in Sources */,
				FAD81D772B07E80100E818FA /* AuthViewController.swift in Sources */,
				FA62A84B2B0E009000796764 /* User.swift in Sources */,
				FAD81D642B07E52600E818FA /* SceneDelegate.swift in Sources */,
				FA62A8512B0E170700796764 /* AuthService.swift in Sources */,
			);
			runOnlyForDeploymentPostprocessing = 0;
		};
/* End PBXSourcesBuildPhase section */

/* Begin PBXVariantGroup section */
		FAD81D6C2B07E52700E818FA /* LaunchScreen.storyboard */ = {
			isa = PBXVariantGroup;
			children = (
				FAD81D6D2B07E52700E818FA /* Base */,
			);
			name = LaunchScreen.storyboard;
			sourceTree = "<group>";
		};
/* End PBXVariantGroup section */

/* Begin XCBuildConfiguration section */
		FAD81D702B07E52700E818FA /* Debug */ = {
			isa = XCBuildConfiguration;
			buildSettings = {
				ALWAYS_SEARCH_USER_PATHS = NO;
				CLANG_ANALYZER_NONNULL = YES;
				CLANG_ANALYZER_NUMBER_OBJECT_CONVERSION = YES_AGGRESSIVE;
				CLANG_CXX_LANGUAGE_STANDARD = "gnu++20";
				CLANG_ENABLE_MODULES = YES;
				CLANG_ENABLE_OBJC_ARC = YES;
				CLANG_ENABLE_OBJC_WEAK = YES;
				CLANG_WARN_BLOCK_CAPTURE_AUTORELEASING = YES;
				CLANG_WARN_BOOL_CONVERSION = YES;
				CLANG_WARN_COMMA = YES;
				CLANG_WARN_CONSTANT_CONVERSION = YES;
				CLANG_WARN_DEPRECATED_OBJC_IMPLEMENTATIONS = YES;
				CLANG_WARN_DIRECT_OBJC_ISA_USAGE = YES_ERROR;
				CLANG_WARN_DOCUMENTATION_COMMENTS = YES;
				CLANG_WARN_EMPTY_BODY = YES;
				CLANG_WARN_ENUM_CONVERSION = YES;
				CLANG_WARN_INFINITE_RECURSION = YES;
				CLANG_WARN_INT_CONVERSION = YES;
				CLANG_WARN_NON_LITERAL_NULL_CONVERSION = YES;
				CLANG_WARN_OBJC_IMPLICIT_RETAIN_SELF = YES;
				CLANG_WARN_OBJC_LITERAL_CONVERSION = YES;
				CLANG_WARN_OBJC_ROOT_CLASS = YES_ERROR;
				CLANG_WARN_QUOTED_INCLUDE_IN_FRAMEWORK_HEADER = YES;
				CLANG_WARN_RANGE_LOOP_ANALYSIS = YES;
				CLANG_WARN_STRICT_PROTOTYPES = YES;
				CLANG_WARN_SUSPICIOUS_MOVE = YES;
				CLANG_WARN_UNGUARDED_AVAILABILITY = YES_AGGRESSIVE;
				CLANG_WARN_UNREACHABLE_CODE = YES;
				CLANG_WARN__DUPLICATE_METHOD_MATCH = YES;
				COPY_PHASE_STRIP = NO;
				DEBUG_INFORMATION_FORMAT = dwarf;
				ENABLE_STRICT_OBJC_MSGSEND = YES;
				ENABLE_TESTABILITY = YES;
				GCC_C_LANGUAGE_STANDARD = gnu11;
				GCC_DYNAMIC_NO_PIC = NO;
				GCC_NO_COMMON_BLOCKS = YES;
				GCC_OPTIMIZATION_LEVEL = 0;
				GCC_PREPROCESSOR_DEFINITIONS = (
					"DEBUG=1",
					"$(inherited)",
				);
				GCC_WARN_64_TO_32_BIT_CONVERSION = YES;
				GCC_WARN_ABOUT_RETURN_TYPE = YES_ERROR;
				GCC_WARN_UNDECLARED_SELECTOR = YES;
				GCC_WARN_UNINITIALIZED_AUTOS = YES_AGGRESSIVE;
				GCC_WARN_UNUSED_FUNCTION = YES;
				GCC_WARN_UNUSED_VARIABLE = YES;
				IPHONEOS_DEPLOYMENT_TARGET = 16.2;
				MTL_ENABLE_DEBUG_INFO = INCLUDE_SOURCE;
				MTL_FAST_MATH = YES;
				ONLY_ACTIVE_ARCH = YES;
				SDKROOT = iphoneos;
				SWIFT_ACTIVE_COMPILATION_CONDITIONS = DEBUG;
				SWIFT_OPTIMIZATION_LEVEL = "-Onone";
			};
			name = Debug;
		};
		FAD81D712B07E52700E818FA /* Release */ = {
			isa = XCBuildConfiguration;
			buildSettings = {
				ALWAYS_SEARCH_USER_PATHS = NO;
				CLANG_ANALYZER_NONNULL = YES;
				CLANG_ANALYZER_NUMBER_OBJECT_CONVERSION = YES_AGGRESSIVE;
				CLANG_CXX_LANGUAGE_STANDARD = "gnu++20";
				CLANG_ENABLE_MODULES = YES;
				CLANG_ENABLE_OBJC_ARC = YES;
				CLANG_ENABLE_OBJC_WEAK = YES;
				CLANG_WARN_BLOCK_CAPTURE_AUTORELEASING = YES;
				CLANG_WARN_BOOL_CONVERSION = YES;
				CLANG_WARN_COMMA = YES;
				CLANG_WARN_CONSTANT_CONVERSION = YES;
				CLANG_WARN_DEPRECATED_OBJC_IMPLEMENTATIONS = YES;
				CLANG_WARN_DIRECT_OBJC_ISA_USAGE = YES_ERROR;
				CLANG_WARN_DOCUMENTATION_COMMENTS = YES;
				CLANG_WARN_EMPTY_BODY = YES;
				CLANG_WARN_ENUM_CONVERSION = YES;
				CLANG_WARN_INFINITE_RECURSION = YES;
				CLANG_WARN_INT_CONVERSION = YES;
				CLANG_WARN_NON_LITERAL_NULL_CONVERSION = YES;
				CLANG_WARN_OBJC_IMPLICIT_RETAIN_SELF = YES;
				CLANG_WARN_OBJC_LITERAL_CONVERSION = YES;
				CLANG_WARN_OBJC_ROOT_CLASS = YES_ERROR;
				CLANG_WARN_QUOTED_INCLUDE_IN_FRAMEWORK_HEADER = YES;
				CLANG_WARN_RANGE_LOOP_ANALYSIS = YES;
				CLANG_WARN_STRICT_PROTOTYPES = YES;
				CLANG_WARN_SUSPICIOUS_MOVE = YES;
				CLANG_WARN_UNGUARDED_AVAILABILITY = YES_AGGRESSIVE;
				CLANG_WARN_UNREACHABLE_CODE = YES;
				CLANG_WARN__DUPLICATE_METHOD_MATCH = YES;
				COPY_PHASE_STRIP = NO;
				DEBUG_INFORMATION_FORMAT = "dwarf-with-dsym";
				ENABLE_NS_ASSERTIONS = NO;
				ENABLE_STRICT_OBJC_MSGSEND = YES;
				GCC_C_LANGUAGE_STANDARD = gnu11;
				GCC_NO_COMMON_BLOCKS = YES;
				GCC_WARN_64_TO_32_BIT_CONVERSION = YES;
				GCC_WARN_ABOUT_RETURN_TYPE = YES_ERROR;
				GCC_WARN_UNDECLARED_SELECTOR = YES;
				GCC_WARN_UNINITIALIZED_AUTOS = YES_AGGRESSIVE;
				GCC_WARN_UNUSED_FUNCTION = YES;
				GCC_WARN_UNUSED_VARIABLE = YES;
				IPHONEOS_DEPLOYMENT_TARGET = 16.2;
				MTL_ENABLE_DEBUG_INFO = NO;
				MTL_FAST_MATH = YES;
				SDKROOT = iphoneos;
				SWIFT_COMPILATION_MODE = wholemodule;
				SWIFT_OPTIMIZATION_LEVEL = "-O";
				VALIDATE_PRODUCT = YES;
			};
			name = Release;
		};
		FAD81D732B07E52700E818FA /* Debug */ = {
			isa = XCBuildConfiguration;
			baseConfigurationReference = A8C74A7FEA848D46C1B6F4BD /* Pods-Quiz.debug.xcconfig */;
			buildSettings = {
				ASSETCATALOG_COMPILER_APPICON_NAME = AppIcon;
				ASSETCATALOG_COMPILER_GLOBAL_ACCENT_COLOR_NAME = AccentColor;
				CODE_SIGN_STYLE = Automatic;
				CURRENT_PROJECT_VERSION = 1;
				DEVELOPMENT_TEAM = N63NS5FA8N;
				GENERATE_INFOPLIST_FILE = YES;
				INFOPLIST_FILE = Quiz/Info.plist;
				INFOPLIST_KEY_UIApplicationSupportsIndirectInputEvents = YES;
				INFOPLIST_KEY_UILaunchStoryboardName = LaunchScreen;
				INFOPLIST_KEY_UISupportedInterfaceOrientations_iPad = "UIInterfaceOrientationPortrait UIInterfaceOrientationPortraitUpsideDown UIInterfaceOrientationLandscapeLeft UIInterfaceOrientationLandscapeRight";
				INFOPLIST_KEY_UISupportedInterfaceOrientations_iPhone = "UIInterfaceOrientationPortrait UIInterfaceOrientationLandscapeLeft UIInterfaceOrientationLandscapeRight";
				LD_RUNPATH_SEARCH_PATHS = (
					"$(inherited)",
					"@executable_path/Frameworks",
				);
				MARKETING_VERSION = 1.0;
				PRODUCT_BUNDLE_IDENTIFIER = jakarta.Quiz;
				PRODUCT_NAME = "$(TARGET_NAME)";
				SWIFT_EMIT_LOC_STRINGS = YES;
				SWIFT_VERSION = 5.0;
				TARGETED_DEVICE_FAMILY = "1,2";
			};
			name = Debug;
		};
		FAD81D742B07E52700E818FA /* Release */ = {
			isa = XCBuildConfiguration;
			baseConfigurationReference = C3C5E4173D37F2209BDD2841 /* Pods-Quiz.release.xcconfig */;
			buildSettings = {
				ASSETCATALOG_COMPILER_APPICON_NAME = AppIcon;
				ASSETCATALOG_COMPILER_GLOBAL_ACCENT_COLOR_NAME = AccentColor;
				CODE_SIGN_STYLE = Automatic;
				CURRENT_PROJECT_VERSION = 1;
				DEVELOPMENT_TEAM = N63NS5FA8N;
				GENERATE_INFOPLIST_FILE = YES;
				INFOPLIST_FILE = Quiz/Info.plist;
				INFOPLIST_KEY_UIApplicationSupportsIndirectInputEvents = YES;
				INFOPLIST_KEY_UILaunchStoryboardName = LaunchScreen;
				INFOPLIST_KEY_UISupportedInterfaceOrientations_iPad = "UIInterfaceOrientationPortrait UIInterfaceOrientationPortraitUpsideDown UIInterfaceOrientationLandscapeLeft UIInterfaceOrientationLandscapeRight";
				INFOPLIST_KEY_UISupportedInterfaceOrientations_iPhone = "UIInterfaceOrientationPortrait UIInterfaceOrientationLandscapeLeft UIInterfaceOrientationLandscapeRight";
				LD_RUNPATH_SEARCH_PATHS = (
					"$(inherited)",
					"@executable_path/Frameworks",
				);
				MARKETING_VERSION = 1.0;
				PRODUCT_BUNDLE_IDENTIFIER = jakarta.Quiz;
				PRODUCT_NAME = "$(TARGET_NAME)";
				SWIFT_EMIT_LOC_STRINGS = YES;
				SWIFT_VERSION = 5.0;
				TARGETED_DEVICE_FAMILY = "1,2";
			};
			name = Release;
		};
/* End XCBuildConfiguration section */

/* Begin XCConfigurationList section */
		FAD81D592B07E52600E818FA /* Build configuration list for PBXProject "Quiz" */ = {
			isa = XCConfigurationList;
			buildConfigurations = (
				FAD81D702B07E52700E818FA /* Debug */,
				FAD81D712B07E52700E818FA /* Release */,
			);
			defaultConfigurationIsVisible = 0;
			defaultConfigurationName = Release;
		};
		FAD81D722B07E52700E818FA /* Build configuration list for PBXNativeTarget "Quiz" */ = {
			isa = XCConfigurationList;
			buildConfigurations = (
				FAD81D732B07E52700E818FA /* Debug */,
				FAD81D742B07E52700E818FA /* Release */,
			);
			defaultConfigurationIsVisible = 0;
			defaultConfigurationName = Release;
		};
/* End XCConfigurationList section */
	};
	rootObject = FAD81D562B07E52600E818FA /* Project object */;
}
